
Microsoft Visual Studio Solution File, Format Version 12.00
Project("{2150E333-8FDC-42A3-9474-1A3956D46DE8}") = "Src", "Src", "{49D4AD55-D74A-4DDB-B2B6-259CA069D6C0}"
EndProject
Project("{2150E333-8FDC-42A3-9474-1A3956D46DE8}") = "Rabiscado.Domain", "Rabiscado.Domain", "{CC511D02-8259-488D-9A3E-596A6B4F0E63}"
EndProject
Project("{2150E333-8FDC-42A3-9474-1A3956D46DE8}") = "Rabiscado.Infra", "Rabiscado.Infra", "{9FDE16ED-F70A-495A-8F8E-BCE6DE4A6ED6}"
EndProject
Project("{2150E333-8FDC-42A3-9474-1A3956D46DE8}") = "Rabiscado.Core", "Rabiscado.Core", "{9B04A651-9389-4999-AA67-6549019FF381}"
EndProject
Project("{2150E333-8FDC-42A3-9474-1A3956D46DE8}") = "Rabiscado.Api", "Rabiscado.Api", "{78728B88-59E5-4A0F-AFF9-C831478580F2}"
EndProject
Project("{2150E333-8FDC-42A3-9474-1A3956D46DE8}") = "Rabiscado.Application", "Rabiscado.Application", "{51C22E28-1A28-4AC9-85B1-CD9B1304B826}"
EndProject
Project("{FAE04EC0-301F-11D3-BF4B-00C04F79EFBC}") = "Rabiscado.Api", "Rabiscado.Api\Rabiscado.Api.csproj", "{539586AE-9394-445F-9335-8B80BFA1DBF0}"
EndProject
Project("{FAE04EC0-301F-11D3-BF4B-00C04F79EFBC}") = "Rabiscado.Application", "Rabiscado.Application\Rabiscado.Application.csproj", "{724A03AE-1D11-40D3-9E29-23B46E344FC8}"
EndProject
Project("{FAE04EC0-301F-11D3-BF4B-00C04F79EFBC}") = "Rabiscado.Core", "Rabiscado.Core\Rabiscado.Core.csproj", "{ED8221CA-92BA-4B30-BD91-44AFEED7617B}"
EndProject
Project("{FAE04EC0-301F-11D3-BF4B-00C04F79EFBC}") = "Rabiscado.Domain", "Rabiscado.Domain\Rabiscado.Domain.csproj", "{64A7EB81-535B-4BBC-9C99-B2D222C35517}"
EndProject
Project("{FAE04EC0-301F-11D3-BF4B-00C04F79EFBC}") = "Rabiscado.Infra", "Rabiscado.Infra\Rabiscado.Infra.csproj", "{A109102F-B4AC-4FD9-BD25-A0A0ECBF676A}"
EndProject
Global
	GlobalSection(SolutionConfigurationPlatforms) = preSolution
		Debug|Any CPU = Debug|Any CPU
		Release|Any CPU = Release|Any CPU
	EndGlobalSection
	GlobalSection(NestedProjects) = preSolution
		{CC511D02-8259-488D-9A3E-596A6B4F0E63} = {49D4AD55-D74A-4DDB-B2B6-259CA069D6C0}
		{9FDE16ED-F70A-495A-8F8E-BCE6DE4A6ED6} = {49D4AD55-D74A-4DDB-B2B6-259CA069D6C0}
		{9B04A651-9389-4999-AA67-6549019FF381} = {49D4AD55-D74A-4DDB-B2B6-259CA069D6C0}
		{78728B88-59E5-4A0F-AFF9-C831478580F2} = {49D4AD55-D74A-4DDB-B2B6-259CA069D6C0}
		{51C22E28-1A28-4AC9-85B1-CD9B1304B826} = {49D4AD55-D74A-4DDB-B2B6-259CA069D6C0}
		{539586AE-9394-445F-9335-8B80BFA1DBF0} = {78728B88-59E5-4A0F-AFF9-C831478580F2}
		{724A03AE-1D11-40D3-9E29-23B46E344FC8} = {51C22E28-1A28-4AC9-85B1-CD9B1304B826}
		{ED8221CA-92BA-4B30-BD91-44AFEED7617B} = {9B04A651-9389-4999-AA67-6549019FF381}
		{64A7EB81-535B-4BBC-9C99-B2D222C35517} = {CC511D02-8259-488D-9A3E-596A6B4F0E63}
		{A109102F-B4AC-4FD9-BD25-A0A0ECBF676A} = {9FDE16ED-F70A-495A-8F8E-BCE6DE4A6ED6}
	EndGlobalSection
	GlobalSection(ProjectConfigurationPlatforms) = postSolution
		{539586AE-9394-445F-9335-8B80BFA1DBF0}.Debug|Any CPU.ActiveCfg = Debug|Any CPU
		{539586AE-9394-445F-9335-8B80BFA1DBF0}.Debug|Any CPU.Build.0 = Debug|Any CPU
		{539586AE-9394-445F-9335-8B80BFA1DBF0}.Release|Any CPU.ActiveCfg = Release|Any CPU
		{539586AE-9394-445F-9335-8B80BFA1DBF0}.Release|Any CPU.Build.0 = Release|Any CPU
		{724A03AE-1D11-40D3-9E29-23B46E344FC8}.Debug|Any CPU.ActiveCfg = Debug|Any CPU
		{724A03AE-1D11-40D3-9E29-23B46E344FC8}.Debug|Any CPU.Build.0 = Debug|Any CPU
		{724A03AE-1D11-40D3-9E29-23B46E344FC8}.Release|Any CPU.ActiveCfg = Release|Any CPU
		{724A03AE-1D11-40D3-9E29-23B46E344FC8}.Release|Any CPU.Build.0 = Release|Any CPU
		{ED8221CA-92BA-4B30-BD91-44AFEED7617B}.Debug|Any CPU.ActiveCfg = Debug|Any CPU
		{ED8221CA-92BA-4B30-BD91-44AFEED7617B}.Debug|Any CPU.Build.0 = Debug|Any CPU
		{ED8221CA-92BA-4B30-BD91-44AFEED7617B}.Release|Any CPU.ActiveCfg = Release|Any CPU
		{ED8221CA-92BA-4B30-BD91-44AFEED7617B}.Release|Any CPU.Build.0 = Release|Any CPU
		{64A7EB81-535B-4BBC-9C99-B2D222C35517}.Debug|Any CPU.ActiveCfg = Debug|Any CPU
		{64A7EB81-535B-4BBC-9C99-B2D222C35517}.Debug|Any CPU.Build.0 = Debug|Any CPU
		{64A7EB81-535B-4BBC-9C99-B2D222C35517}.Release|Any CPU.ActiveCfg = Release|Any CPU
		{64A7EB81-535B-4BBC-9C99-B2D222C35517}.Release|Any CPU.Build.0 = Release|Any CPU
		{A109102F-B4AC-4FD9-BD25-A0A0ECBF676A}.Debug|Any CPU.ActiveCfg = Debug|Any CPU
		{A109102F-B4AC-4FD9-BD25-A0A0ECBF676A}.Debug|Any CPU.Build.0 = Debug|Any CPU
		{A109102F-B4AC-4FD9-BD25-A0A0ECBF676A}.Release|Any CPU.ActiveCfg = Release|Any CPU
		{A109102F-B4AC-4FD9-BD25-A0A0ECBF676A}.Release|Any CPU.Build.0 = Release|Any CPU
	EndGlobalSection
EndGlobal
